
Microsoft Visual Studio Solution File, Format Version 12.00
# Visual Studio 14
VisualStudioVersion = 14.0.24720.0
MinimumVisualStudioVersion = 10.0.40219.1
Project("{FAE04EC0-301F-11D3-BF4B-00C04F79EFBC}") = "Lab01HTML", "Lab01HTML\Lab01HTML.csproj", "{79E9D4EB-7EFA-47C2-9DA7-55F456CEEAD2}"
EndProject
Project("{FAE04EC0-301F-11D3-BF4B-00C04F79EFBC}") = "FlygstolenDemo", "FlygstolenDemo\FlygstolenDemo.csproj", "{B937EE64-F358-49A8-BAC9-8FC17A45F8C3}"
EndProject
Project("{FAE04EC0-301F-11D3-BF4B-00C04F79EFBC}") = "Lab02", "Lab02\Lab02.csproj", "{12DA3A2E-CC9A-4E73-BC3A-7A9E9C0CBFDD}"
EndProject
Project("{FAE04EC0-301F-11D3-BF4B-00C04F79EFBC}") = "BootStrapDemo", "BootStrapDemo\BootStrapDemo.csproj", "{4A2AEE77-F35C-444C-B474-7A48E22ACF68}"
EndProject
Project("{FAE04EC0-301F-11D3-BF4B-00C04F79EFBC}") = "BootStrapPractise", "BootStrapPractise\BootStrapPractise.csproj", "{5DA2385D-F608-4D7C-BA0C-A15478713988}"
EndProject
Project("{FAE04EC0-301F-11D3-BF4B-00C04F79EFBC}") = "Lab03", "Lab03\Lab03.csproj", "{901A20B3-BB73-41A1-9DDE-E149CA205CB4}"
EndProject
Global
	GlobalSection(SolutionConfigurationPlatforms) = preSolution
		Debug|Any CPU = Debug|Any CPU
		Release|Any CPU = Release|Any CPU
	EndGlobalSection
	GlobalSection(ProjectConfigurationPlatforms) = postSolution
		{79E9D4EB-7EFA-47C2-9DA7-55F456CEEAD2}.Debug|Any CPU.ActiveCfg = Debug|Any CPU
		{79E9D4EB-7EFA-47C2-9DA7-55F456CEEAD2}.Debug|Any CPU.Build.0 = Debug|Any CPU
		{79E9D4EB-7EFA-47C2-9DA7-55F456CEEAD2}.Release|Any CPU.ActiveCfg = Release|Any CPU
		{79E9D4EB-7EFA-47C2-9DA7-55F456CEEAD2}.Release|Any CPU.Build.0 = Release|Any CPU
		{B937EE64-F358-49A8-BAC9-8FC17A45F8C3}.Debug|Any CPU.ActiveCfg = Debug|Any CPU
		{B937EE64-F358-49A8-BAC9-8FC17A45F8C3}.Debug|Any CPU.Build.0 = Debug|Any CPU
		{B937EE64-F358-49A8-BAC9-8FC17A45F8C3}.Release|Any CPU.ActiveCfg = Release|Any CPU
		{B937EE64-F358-49A8-BAC9-8FC17A45F8C3}.Release|Any CPU.Build.0 = Release|Any CPU
		{12DA3A2E-CC9A-4E73-BC3A-7A9E9C0CBFDD}.Debug|Any CPU.ActiveCfg = Debug|Any CPU
		{12DA3A2E-CC9A-4E73-BC3A-7A9E9C0CBFDD}.Debug|Any CPU.Build.0 = Debug|Any CPU
		{12DA3A2E-CC9A-4E73-BC3A-7A9E9C0CBFDD}.Release|Any CPU.ActiveCfg = Release|Any CPU
		{12DA3A2E-CC9A-4E73-BC3A-7A9E9C0CBFDD}.Release|Any CPU.Build.0 = Release|Any CPU
		{4A2AEE77-F35C-444C-B474-7A48E22ACF68}.Debug|Any CPU.ActiveCfg = Debug|Any CPU
		{4A2AEE77-F35C-444C-B474-7A48E22ACF68}.Debug|Any CPU.Build.0 = Debug|Any CPU
		{4A2AEE77-F35C-444C-B474-7A48E22ACF68}.Release|Any CPU.ActiveCfg = Release|Any CPU
		{4A2AEE77-F35C-444C-B474-7A48E22ACF68}.Release|Any CPU.Build.0 = Release|Any CPU
		{5DA2385D-F608-4D7C-BA0C-A15478713988}.Debug|Any CPU.ActiveCfg = Debug|Any CPU
		{5DA2385D-F608-4D7C-BA0C-A15478713988}.Debug|Any CPU.Build.0 = Debug|Any CPU
		{5DA2385D-F608-4D7C-BA0C-A15478713988}.Release|Any CPU.ActiveCfg = Release|Any CPU
		{5DA2385D-F608-4D7C-BA0C-A15478713988}.Release|Any CPU.Build.0 = Release|Any CPU
		{901A20B3-BB73-41A1-9DDE-E149CA205CB4}.Debug|Any CPU.ActiveCfg = Debug|Any CPU
		{901A20B3-BB73-41A1-9DDE-E149CA205CB4}.Debug|Any CPU.Build.0 = Debug|Any CPU
		{901A20B3-BB73-41A1-9DDE-E149CA205CB4}.Release|Any CPU.ActiveCfg = Release|Any CPU
		{901A20B3-BB73-41A1-9DDE-E149CA205CB4}.Release|Any CPU.Build.0 = Release|Any CPU
	EndGlobalSection
	GlobalSection(SolutionProperties) = preSolution
		HideSolutionNode = FALSE
	EndGlobalSection
EndGlobal
